
Microsoft Visual Studio Solution File, Format Version 12.00
# Visual Studio Version 16
VisualStudioVersion = 16.0.30320.27
MinimumVisualStudioVersion = 10.0.40219.1
Project("{8BC9CEB8-8B4A-11D0-8D11-00A0C91BC942}") = "Game", "Game\Game.vcxproj", "{7FA9857C-6BE0-860D-14CD-6C1000E3020F}"
EndProject
Project("{8BC9CEB8-8B4A-11D0-8D11-00A0C91BC942}") = "Crystal", "Crystal\Crystal.vcxproj", "{873AF83B-F319-77D7-FC31-02AE6890DD38}"
EndProject
Project("{8BC9CEB8-8B4A-11D0-8D11-00A0C91BC942}") = "DirectXTex", "Crystal\external\DirectXTex\DirectXTex\DirectXTex_Desktop_2019_Win10.vcxproj", "{371B9FA9-4C90-4AC6-A123-ACED756D6C77}"
EndProject
Project("{2150E333-8FDC-42A3-9474-1A3956D46DE8}") = "Engine", "Engine", "{0F87E115-C7DB-4720-8D14-D344975D22AB}"
EndProject
Project("{2150E333-8FDC-42A3-9474-1A3956D46DE8}") = "Client", "Client", "{4B102280-4026-4D25-94D1-31AFA5CF5960}"
EndProject
Project("{2150E333-8FDC-42A3-9474-1A3956D46DE8}") = "External", "External", "{E660293E-B8FD-41A5-AD36-C1C6F42AD37F}"
EndProject
Project("{8BC9CEB8-8B4A-11D0-8D11-00A0C91BC942}") = "ImGui", "Crystal\external\imgui\ImGui.vcxproj", "{FFABE88A-F7C7-4134-B287-54119E3D0EF4}"
EndProject
Global
	GlobalSection(SolutionConfigurationPlatforms) = preSolution
		Debug|x64 = Debug|x64
		Debug|x86 = Debug|x86
		Profile|x64 = Profile|x64
		Profile|x86 = Profile|x86
		Release|x64 = Release|x64
		Release|x86 = Release|x86
		ServerDebug|x64 = ServerDebug|x64
		ServerDebug|x86 = ServerDebug|x86
		ServerRelease|x64 = ServerRelease|x64
		ServerRelease|x86 = ServerRelease|x86
		StandaloneDebug|x64 = StandaloneDebug|x64
		StandaloneDebug|x86 = StandaloneDebug|x86
		StandaloneRelease|x64 = StandaloneRelease|x64
		StandaloneRelease|x86 = StandaloneRelease|x86
	EndGlobalSection
	GlobalSection(ProjectConfigurationPlatforms) = postSolution
		{7FA9857C-6BE0-860D-14CD-6C1000E3020F}.Debug|x64.ActiveCfg = Debug|x64
		{7FA9857C-6BE0-860D-14CD-6C1000E3020F}.Debug|x64.Build.0 = Debug|x64
		{7FA9857C-6BE0-860D-14CD-6C1000E3020F}.Debug|x86.ActiveCfg = Debug|x64
		{7FA9857C-6BE0-860D-14CD-6C1000E3020F}.Profile|x64.ActiveCfg = Release|x64
		{7FA9857C-6BE0-860D-14CD-6C1000E3020F}.Profile|x64.Build.0 = Release|x64
		{7FA9857C-6BE0-860D-14CD-6C1000E3020F}.Profile|x86.ActiveCfg = Release|x64
		{7FA9857C-6BE0-860D-14CD-6C1000E3020F}.Profile|x86.Build.0 = Release|x64
		{7FA9857C-6BE0-860D-14CD-6C1000E3020F}.Release|x64.ActiveCfg = Release|x64
		{7FA9857C-6BE0-860D-14CD-6C1000E3020F}.Release|x64.Build.0 = Release|x64
		{7FA9857C-6BE0-860D-14CD-6C1000E3020F}.Release|x86.ActiveCfg = Release|x64
		{7FA9857C-6BE0-860D-14CD-6C1000E3020F}.ServerDebug|x64.ActiveCfg = ServerDebug|x64
		{7FA9857C-6BE0-860D-14CD-6C1000E3020F}.ServerDebug|x64.Build.0 = ServerDebug|x64
		{7FA9857C-6BE0-860D-14CD-6C1000E3020F}.ServerDebug|x86.ActiveCfg = ServerDebug|x64
		{7FA9857C-6BE0-860D-14CD-6C1000E3020F}.ServerRelease|x64.ActiveCfg = ServerRelease|x64
		{7FA9857C-6BE0-860D-14CD-6C1000E3020F}.ServerRelease|x64.Build.0 = ServerRelease|x64
		{7FA9857C-6BE0-860D-14CD-6C1000E3020F}.ServerRelease|x86.ActiveCfg = ServerRelease|x64
		{7FA9857C-6BE0-860D-14CD-6C1000E3020F}.StandaloneDebug|x64.ActiveCfg = StandaloneDebug|x64
		{7FA9857C-6BE0-860D-14CD-6C1000E3020F}.StandaloneDebug|x64.Build.0 = StandaloneDebug|x64
		{7FA9857C-6BE0-860D-14CD-6C1000E3020F}.StandaloneDebug|x86.ActiveCfg = StandaloneDebug|x64
		{7FA9857C-6BE0-860D-14CD-6C1000E3020F}.StandaloneRelease|x64.ActiveCfg = StandaloneRelease|x64
		{7FA9857C-6BE0-860D-14CD-6C1000E3020F}.StandaloneRelease|x64.Build.0 = StandaloneRelease|x64
		{7FA9857C-6BE0-860D-14CD-6C1000E3020F}.StandaloneRelease|x86.ActiveCfg = StandaloneRelease|x64
		{873AF83B-F319-77D7-FC31-02AE6890DD38}.Debug|x64.ActiveCfg = Debug|x64
		{873AF83B-F319-77D7-FC31-02AE6890DD38}.Debug|x64.Build.0 = Debug|x64
		{873AF83B-F319-77D7-FC31-02AE6890DD38}.Debug|x86.ActiveCfg = Debug|x64
		{873AF83B-F319-77D7-FC31-02AE6890DD38}.Profile|x64.ActiveCfg = Release|x64
		{873AF83B-F319-77D7-FC31-02AE6890DD38}.Profile|x64.Build.0 = Release|x64
		{873AF83B-F319-77D7-FC31-02AE6890DD38}.Profile|x86.ActiveCfg = Release|x64
		{873AF83B-F319-77D7-FC31-02AE6890DD38}.Profile|x86.Build.0 = Release|x64
		{873AF83B-F319-77D7-FC31-02AE6890DD38}.Release|x64.ActiveCfg = Release|x64
		{873AF83B-F319-77D7-FC31-02AE6890DD38}.Release|x64.Build.0 = Release|x64
		{873AF83B-F319-77D7-FC31-02AE6890DD38}.Release|x86.ActiveCfg = Release|x64
		{873AF83B-F319-77D7-FC31-02AE6890DD38}.ServerDebug|x64.ActiveCfg = ServerDebug|x64
		{873AF83B-F319-77D7-FC31-02AE6890DD38}.ServerDebug|x64.Build.0 = ServerDebug|x64
		{873AF83B-F319-77D7-FC31-02AE6890DD38}.ServerDebug|x86.ActiveCfg = ServerDebug|x64
		{873AF83B-F319-77D7-FC31-02AE6890DD38}.ServerRelease|x64.ActiveCfg = ServerRelease|x64
		{873AF83B-F319-77D7-FC31-02AE6890DD38}.ServerRelease|x64.Build.0 = ServerRelease|x64
		{873AF83B-F319-77D7-FC31-02AE6890DD38}.ServerRelease|x86.ActiveCfg = ServerRelease|x64
		{873AF83B-F319-77D7-FC31-02AE6890DD38}.StandaloneDebug|x64.ActiveCfg = StandaloneDebug|x64
		{873AF83B-F319-77D7-FC31-02AE6890DD38}.StandaloneDebug|x64.Build.0 = StandaloneDebug|x64
		{873AF83B-F319-77D7-FC31-02AE6890DD38}.StandaloneDebug|x86.ActiveCfg = StandaloneDebug|x64
		{873AF83B-F319-77D7-FC31-02AE6890DD38}.StandaloneRelease|x64.ActiveCfg = StandaloneRelease|x64
		{873AF83B-F319-77D7-FC31-02AE6890DD38}.StandaloneRelease|x64.Build.0 = StandaloneRelease|x64
		{873AF83B-F319-77D7-FC31-02AE6890DD38}.StandaloneRelease|x86.ActiveCfg = StandaloneRelease|x64
		{371B9FA9-4C90-4AC6-A123-ACED756D6C77}.Debug|x64.ActiveCfg = Debug|x64
		{371B9FA9-4C90-4AC6-A123-ACED756D6C77}.Debug|x64.Build.0 = Debug|x64
		{371B9FA9-4C90-4AC6-A123-ACED756D6C77}.Debug|x86.ActiveCfg = Debug|x64
		{371B9FA9-4C90-4AC6-A123-ACED756D6C77}.Profile|x64.ActiveCfg = Profile|x64
		{371B9FA9-4C90-4AC6-A123-ACED756D6C77}.Profile|x64.Build.0 = Profile|x64
		{371B9FA9-4C90-4AC6-A123-ACED756D6C77}.Profile|x86.ActiveCfg = Profile|x64
		{371B9FA9-4C90-4AC6-A123-ACED756D6C77}.Release|x64.ActiveCfg = Release|x64
		{371B9FA9-4C90-4AC6-A123-ACED756D6C77}.Release|x64.Build.0 = Release|x64
		{371B9FA9-4C90-4AC6-A123-ACED756D6C77}.Release|x86.ActiveCfg = Release|x64
		{371B9FA9-4C90-4AC6-A123-ACED756D6C77}.ServerDebug|x64.ActiveCfg = ServerDebug|x64
		{371B9FA9-4C90-4AC6-A123-ACED756D6C77}.ServerDebug|x64.Build.0 = ServerDebug|x64
		{371B9FA9-4C90-4AC6-A123-ACED756D6C77}.ServerDebug|x86.ActiveCfg = ServerDebug|x64
		{371B9FA9-4C90-4AC6-A123-ACED756D6C77}.ServerRelease|x64.ActiveCfg = ServerRelease|x64
		{371B9FA9-4C90-4AC6-A123-ACED756D6C77}.ServerRelease|x64.Build.0 = ServerRelease|x64
		{371B9FA9-4C90-4AC6-A123-ACED756D6C77}.ServerRelease|x86.ActiveCfg = ServerRelease|x64
		{371B9FA9-4C90-4AC6-A123-ACED756D6C77}.StandaloneDebug|x64.ActiveCfg = StandaloneDebug|x64
		{371B9FA9-4C90-4AC6-A123-ACED756D6C77}.StandaloneDebug|x64.Build.0 = StandaloneDebug|x64
		{371B9FA9-4C90-4AC6-A123-ACED756D6C77}.StandaloneDebug|x86.ActiveCfg = StandaloneDebug|x64
		{371B9FA9-4C90-4AC6-A123-ACED756D6C77}.StandaloneRelease|x64.ActiveCfg = StandaloneRelease|x64
		{371B9FA9-4C90-4AC6-A123-ACED756D6C77}.StandaloneRelease|x64.Build.0 = StandaloneRelease|x64
		{371B9FA9-4C90-4AC6-A123-ACED756D6C77}.StandaloneRelease|x86.ActiveCfg = StandaloneRelease|x64
		{FFABE88A-F7C7-4134-B287-54119E3D0EF4}.Debug|x64.ActiveCfg = Debug|x64
		{FFABE88A-F7C7-4134-B287-54119E3D0EF4}.Debug|x64.Build.0 = Debug|x64
		{FFABE88A-F7C7-4134-B287-54119E3D0EF4}.Debug|x86.ActiveCfg = Debug|Win32
		{FFABE88A-F7C7-4134-B287-54119E3D0EF4}.Debug|x86.Build.0 = Debug|Win32
		{FFABE88A-F7C7-4134-B287-54119E3D0EF4}.Profile|x64.ActiveCfg = Release|x64
		{FFABE88A-F7C7-4134-B287-54119E3D0EF4}.Profile|x64.Build.0 = Release|x64
		{FFABE88A-F7C7-4134-B287-54119E3D0EF4}.Profile|x86.ActiveCfg = Release|Win32
		{FFABE88A-F7C7-4134-B287-54119E3D0EF4}.Profile|x86.Build.0 = Release|Win32
		{FFABE88A-F7C7-4134-B287-54119E3D0EF4}.Release|x64.ActiveCfg = Release|x64
		{FFABE88A-F7C7-4134-B287-54119E3D0EF4}.Release|x64.Build.0 = Release|x64
		{FFABE88A-F7C7-4134-B287-54119E3D0EF4}.Release|x86.ActiveCfg = Release|Win32
		{FFABE88A-F7C7-4134-B287-54119E3D0EF4}.Release|x86.Build.0 = Release|Win32
		{FFABE88A-F7C7-4134-B287-54119E3D0EF4}.ServerDebug|x64.ActiveCfg = ServerDebug|x64
		{FFABE88A-F7C7-4134-B287-54119E3D0EF4}.ServerDebug|x64.Build.0 = ServerDebug|x64
		{FFABE88A-F7C7-4134-B287-54119E3D0EF4}.ServerDebug|x86.ActiveCfg = ServerDebug|Win32
		{FFABE88A-F7C7-4134-B287-54119E3D0EF4}.ServerDebug|x86.Build.0 = ServerDebug|Win32
		{FFABE88A-F7C7-4134-B287-54119E3D0EF4}.ServerRelease|x64.ActiveCfg = ServerRelease|x64
		{FFABE88A-F7C7-4134-B287-54119E3D0EF4}.ServerRelease|x64.Build.0 = ServerRelease|x64
		{FFABE88A-F7C7-4134-B287-54119E3D0EF4}.ServerRelease|x86.ActiveCfg = ServerRelease|Win32
		{FFABE88A-F7C7-4134-B287-54119E3D0EF4}.ServerRelease|x86.Build.0 = ServerRelease|Win32
		{FFABE88A-F7C7-4134-B287-54119E3D0EF4}.StandaloneDebug|x64.ActiveCfg = StandaloneDebug|x64
		{FFABE88A-F7C7-4134-B287-54119E3D0EF4}.StandaloneDebug|x64.Build.0 = StandaloneDebug|x64
		{FFABE88A-F7C7-4134-B287-54119E3D0EF4}.StandaloneDebug|x86.ActiveCfg = StandaloneDebug|Win32
		{FFABE88A-F7C7-4134-B287-54119E3D0EF4}.StandaloneDebug|x86.Build.0 = StandaloneDebug|Win32
		{FFABE88A-F7C7-4134-B287-54119E3D0EF4}.StandaloneRelease|x64.ActiveCfg = StandaloneRelease|x64
		{FFABE88A-F7C7-4134-B287-54119E3D0EF4}.StandaloneRelease|x64.Build.0 = StandaloneRelease|x64
		{FFABE88A-F7C7-4134-B287-54119E3D0EF4}.StandaloneRelease|x86.ActiveCfg = StandaloneRelease|Win32
		{FFABE88A-F7C7-4134-B287-54119E3D0EF4}.StandaloneRelease|x86.Build.0 = StandaloneRelease|Win32
	EndGlobalSection
	GlobalSection(SolutionProperties) = preSolution
		HideSolutionNode = FALSE
	EndGlobalSection
	GlobalSection(NestedProjects) = preSolution
		{7FA9857C-6BE0-860D-14CD-6C1000E3020F} = {4B102280-4026-4D25-94D1-31AFA5CF5960}
		{873AF83B-F319-77D7-FC31-02AE6890DD38} = {0F87E115-C7DB-4720-8D14-D344975D22AB}
		{371B9FA9-4C90-4AC6-A123-ACED756D6C77} = {E660293E-B8FD-41A5-AD36-C1C6F42AD37F}
		{FFABE88A-F7C7-4134-B287-54119E3D0EF4} = {E660293E-B8FD-41A5-AD36-C1C6F42AD37F}
	EndGlobalSection
	GlobalSection(ExtensibilityGlobals) = postSolution
		SolutionGuid = {2012ACC9-52C2-4321-92D7-F51AA1FDB408}
	EndGlobalSection
EndGlobal
